
Microsoft Visual Studio Solution File, Format Version 12.00
# Visual Studio Version 17
VisualStudioVersion = 17.11.35312.102
MinimumVisualStudioVersion = 10.0.40219.1
Project("{9A19103F-16F7-4668-BE54-9A1E7A4F7556}") = "userAsp", "userAsp\userAsp.csproj", "{F80B5B7D-C0D9-4483-BDDD-27E80B7D441B}"
EndProject
Project("{FAE04EC0-301F-11D3-BF4B-00C04F79EFBC}") = "UserUnitTesting", "UserUnitTesting\UserUnitTesting.csproj", "{92119833-EEF2-4399-9C62-271150E7B389}"
EndProject
Global
	GlobalSection(SolutionConfigurationPlatforms) = preSolution
		Debug|Any CPU = Debug|Any CPU
		Release|Any CPU = Release|Any CPU
	EndGlobalSection
	GlobalSection(ProjectConfigurationPlatforms) = postSolution
		{F80B5B7D-C0D9-4483-BDDD-27E80B7D441B}.Debug|Any CPU.ActiveCfg = Debug|Any CPU
		{F80B5B7D-C0D9-4483-BDDD-27E80B7D441B}.Debug|Any CPU.Build.0 = Debug|Any CPU
		{F80B5B7D-C0D9-4483-BDDD-27E80B7D441B}.Release|Any CPU.ActiveCfg = Release|Any CPU
		{F80B5B7D-C0D9-4483-BDDD-27E80B7D441B}.Release|Any CPU.Build.0 = Release|Any CPU
		{92119833-EEF2-4399-9C62-271150E7B389}.Debug|Any CPU.ActiveCfg = Debug|Any CPU
		{92119833-EEF2-4399-9C62-271150E7B389}.Debug|Any CPU.Build.0 = Debug|Any CPU
		{92119833-EEF2-4399-9C62-271150E7B389}.Release|Any CPU.ActiveCfg = Release|Any CPU
		{92119833-EEF2-4399-9C62-271150E7B389}.Release|Any CPU.Build.0 = Release|Any CPU
	EndGlobalSection
	GlobalSection(SolutionProperties) = preSolution
		HideSolutionNode = FALSE
	EndGlobalSection
	GlobalSection(ExtensibilityGlobals) = postSolution
		SolutionGuid = {57BAC5A0-D7F5-4E5B-95C4-F8EDC3F253B2}
	EndGlobalSection
EndGlobal
